
Microsoft Visual Studio Solution File, Format Version 12.00
# Visual Studio Version 17
VisualStudioVersion = 17.5.2.0
MinimumVisualStudioVersion = 10.0.40219.1
Project("{FAE04EC0-301F-11D3-BF4B-00C04F79EFBC}") = "01 - Conceitos", "01 - Conceitos\01 - Conceitos.csproj", "{B162266C-A4A5-26FA-1ECC-1F7792808C7E}"
EndProject
Project("{FAE04EC0-301F-11D3-BF4B-00C04F79EFBC}") = "02 - Métodos", "02 - Métodos\02 - Métodos.csproj", "{C9C87390-D0BA-B51F-947A-EA862D8810BB}"
EndProject
Project("{FAE04EC0-301F-11D3-BF4B-00C04F79EFBC}") = "03 - Exercício", "03 - Exercício Média\03 - Exercício.csproj", "{955EABDA-A904-5635-B5FA-A93C3756F9D0}"
EndProject
Project("{FAE04EC0-301F-11D3-BF4B-00C04F79EFBC}") = "04 - Exercício IMC", "04 - Exercício IMC\04 - Exercício IMC.csproj", "{A91BC1C1-C90E-10DD-250D-AB6C37C26984}"
EndProject
Project("{FAE04EC0-301F-11D3-BF4B-00C04F79EFBC}") = "05 - Acesso", "05 - Acesso\05 - Acesso.csproj", "{4AE7F97F-D6E2-C874-D050-7463750EA40B}"
EndProject
Project("{FAE04EC0-301F-11D3-BF4B-00C04F79EFBC}") = "06 - Encapsulamento", "06 - Encapsulamento\06 - Encapsulamento.csproj", "{BE625E8C-D1D6-A6AF-ACDE-5E54648B4D06}"
EndProject
Project("{FAE04EC0-301F-11D3-BF4B-00C04F79EFBC}") = "07 - Construtor", "07 - Construtor\07 - Construtor.csproj", "{33BF69B6-3C40-6DD6-1D21-BBB594F8A4C4}"
EndProject
Project("{FAE04EC0-301F-11D3-BF4B-00C04F79EFBC}") = "08 - Get e Set", "08 - Get e Set\08 - Get e Set.csproj", "{39522C64-387C-5606-9987-4759C59629F1}"
EndProject
Project("{FAE04EC0-301F-11D3-BF4B-00C04F79EFBC}") = "09 - This", "09 - This\09 - This.csproj", "{08658022-EF4A-CF0D-59ED-143D711011BF}"
EndProject
Project("{FAE04EC0-301F-11D3-BF4B-00C04F79EFBC}") = "10 - Herança", "10 - Herança\10 - Herança.csproj", "{C11FB8EC-F5D1-818E-2FB6-1865DDAC36B2}"
EndProject
Project("{FAE04EC0-301F-11D3-BF4B-00C04F79EFBC}") = "11 - Polimorfismo", "11 - Polimorfismo\11 - Polimorfismo.csproj", "{7D158DDC-E7BF-FC9E-792D-7882865DB0BB}"
EndProject
Project("{FAE04EC0-301F-11D3-BF4B-00C04F79EFBC}") = "12 - Estático", "12 - Estático\12 - Estático.csproj", "{BE1F02DE-32B1-3C64-B810-1DE8037B01B9}"
EndProject
Project("{FAE04EC0-301F-11D3-BF4B-00C04F79EFBC}") = "13 - Abstração", "13 - Abstração\13 - Abstração.csproj", "{D80A736B-86D2-D77E-9679-6A66C9A25C30}"
EndProject
Project("{FAE04EC0-301F-11D3-BF4B-00C04F79EFBC}") = "14 - Interface", "14 - Interface\14 - Interface.csproj", "{6980C93B-D450-D2B4-7157-F19BBE323F6F}"
EndProject
Global
	GlobalSection(SolutionConfigurationPlatforms) = preSolution
		Debug|Any CPU = Debug|Any CPU
		Release|Any CPU = Release|Any CPU
	EndGlobalSection
	GlobalSection(ProjectConfigurationPlatforms) = postSolution
		{B162266C-A4A5-26FA-1ECC-1F7792808C7E}.Debug|Any CPU.ActiveCfg = Debug|Any CPU
		{B162266C-A4A5-26FA-1ECC-1F7792808C7E}.Debug|Any CPU.Build.0 = Debug|Any CPU
		{B162266C-A4A5-26FA-1ECC-1F7792808C7E}.Release|Any CPU.ActiveCfg = Release|Any CPU
		{B162266C-A4A5-26FA-1ECC-1F7792808C7E}.Release|Any CPU.Build.0 = Release|Any CPU
		{C9C87390-D0BA-B51F-947A-EA862D8810BB}.Debug|Any CPU.ActiveCfg = Debug|Any CPU
		{C9C87390-D0BA-B51F-947A-EA862D8810BB}.Debug|Any CPU.Build.0 = Debug|Any CPU
		{C9C87390-D0BA-B51F-947A-EA862D8810BB}.Release|Any CPU.ActiveCfg = Release|Any CPU
		{C9C87390-D0BA-B51F-947A-EA862D8810BB}.Release|Any CPU.Build.0 = Release|Any CPU
		{955EABDA-A904-5635-B5FA-A93C3756F9D0}.Debug|Any CPU.ActiveCfg = Debug|Any CPU
		{955EABDA-A904-5635-B5FA-A93C3756F9D0}.Debug|Any CPU.Build.0 = Debug|Any CPU
		{955EABDA-A904-5635-B5FA-A93C3756F9D0}.Release|Any CPU.ActiveCfg = Release|Any CPU
		{955EABDA-A904-5635-B5FA-A93C3756F9D0}.Release|Any CPU.Build.0 = Release|Any CPU
		{A91BC1C1-C90E-10DD-250D-AB6C37C26984}.Debug|Any CPU.ActiveCfg = Debug|Any CPU
		{A91BC1C1-C90E-10DD-250D-AB6C37C26984}.Debug|Any CPU.Build.0 = Debug|Any CPU
		{A91BC1C1-C90E-10DD-250D-AB6C37C26984}.Release|Any CPU.ActiveCfg = Release|Any CPU
		{A91BC1C1-C90E-10DD-250D-AB6C37C26984}.Release|Any CPU.Build.0 = Release|Any CPU
		{4AE7F97F-D6E2-C874-D050-7463750EA40B}.Debug|Any CPU.ActiveCfg = Debug|Any CPU
		{4AE7F97F-D6E2-C874-D050-7463750EA40B}.Debug|Any CPU.Build.0 = Debug|Any CPU
		{4AE7F97F-D6E2-C874-D050-7463750EA40B}.Release|Any CPU.ActiveCfg = Release|Any CPU
		{4AE7F97F-D6E2-C874-D050-7463750EA40B}.Release|Any CPU.Build.0 = Release|Any CPU
		{BE625E8C-D1D6-A6AF-ACDE-5E54648B4D06}.Debug|Any CPU.ActiveCfg = Debug|Any CPU
		{BE625E8C-D1D6-A6AF-ACDE-5E54648B4D06}.Debug|Any CPU.Build.0 = Debug|Any CPU
		{BE625E8C-D1D6-A6AF-ACDE-5E54648B4D06}.Release|Any CPU.ActiveCfg = Release|Any CPU
		{BE625E8C-D1D6-A6AF-ACDE-5E54648B4D06}.Release|Any CPU.Build.0 = Release|Any CPU
		{33BF69B6-3C40-6DD6-1D21-BBB594F8A4C4}.Debug|Any CPU.ActiveCfg = Debug|Any CPU
		{33BF69B6-3C40-6DD6-1D21-BBB594F8A4C4}.Debug|Any CPU.Build.0 = Debug|Any CPU
		{33BF69B6-3C40-6DD6-1D21-BBB594F8A4C4}.Release|Any CPU.ActiveCfg = Release|Any CPU
		{33BF69B6-3C40-6DD6-1D21-BBB594F8A4C4}.Release|Any CPU.Build.0 = Release|Any CPU
		{39522C64-387C-5606-9987-4759C59629F1}.Debug|Any CPU.ActiveCfg = Debug|Any CPU
		{39522C64-387C-5606-9987-4759C59629F1}.Debug|Any CPU.Build.0 = Debug|Any CPU
		{39522C64-387C-5606-9987-4759C59629F1}.Release|Any CPU.ActiveCfg = Release|Any CPU
		{39522C64-387C-5606-9987-4759C59629F1}.Release|Any CPU.Build.0 = Release|Any CPU
		{08658022-EF4A-CF0D-59ED-143D711011BF}.Debug|Any CPU.ActiveCfg = Debug|Any CPU
		{08658022-EF4A-CF0D-59ED-143D711011BF}.Debug|Any CPU.Build.0 = Debug|Any CPU
		{08658022-EF4A-CF0D-59ED-143D711011BF}.Release|Any CPU.ActiveCfg = Release|Any CPU
		{08658022-EF4A-CF0D-59ED-143D711011BF}.Release|Any CPU.Build.0 = Release|Any CPU
		{C11FB8EC-F5D1-818E-2FB6-1865DDAC36B2}.Debug|Any CPU.ActiveCfg = Debug|Any CPU
		{C11FB8EC-F5D1-818E-2FB6-1865DDAC36B2}.Debug|Any CPU.Build.0 = Debug|Any CPU
		{C11FB8EC-F5D1-818E-2FB6-1865DDAC36B2}.Release|Any CPU.ActiveCfg = Release|Any CPU
		{C11FB8EC-F5D1-818E-2FB6-1865DDAC36B2}.Release|Any CPU.Build.0 = Release|Any CPU
		{7D158DDC-E7BF-FC9E-792D-7882865DB0BB}.Debug|Any CPU.ActiveCfg = Debug|Any CPU
		{7D158DDC-E7BF-FC9E-792D-7882865DB0BB}.Debug|Any CPU.Build.0 = Debug|Any CPU
		{7D158DDC-E7BF-FC9E-792D-7882865DB0BB}.Release|Any CPU.ActiveCfg = Release|Any CPU
		{7D158DDC-E7BF-FC9E-792D-7882865DB0BB}.Release|Any CPU.Build.0 = Release|Any CPU
		{BE1F02DE-32B1-3C64-B810-1DE8037B01B9}.Debug|Any CPU.ActiveCfg = Debug|Any CPU
		{BE1F02DE-32B1-3C64-B810-1DE8037B01B9}.Debug|Any CPU.Build.0 = Debug|Any CPU
		{BE1F02DE-32B1-3C64-B810-1DE8037B01B9}.Release|Any CPU.ActiveCfg = Release|Any CPU
		{BE1F02DE-32B1-3C64-B810-1DE8037B01B9}.Release|Any CPU.Build.0 = Release|Any CPU
		{D80A736B-86D2-D77E-9679-6A66C9A25C30}.Debug|Any CPU.ActiveCfg = Debug|Any CPU
		{D80A736B-86D2-D77E-9679-6A66C9A25C30}.Debug|Any CPU.Build.0 = Debug|Any CPU
		{D80A736B-86D2-D77E-9679-6A66C9A25C30}.Release|Any CPU.ActiveCfg = Release|Any CPU
		{D80A736B-86D2-D77E-9679-6A66C9A25C30}.Release|Any CPU.Build.0 = Release|Any CPU
		{6980C93B-D450-D2B4-7157-F19BBE323F6F}.Debug|Any CPU.ActiveCfg = Debug|Any CPU
		{6980C93B-D450-D2B4-7157-F19BBE323F6F}.Debug|Any CPU.Build.0 = Debug|Any CPU
		{6980C93B-D450-D2B4-7157-F19BBE323F6F}.Release|Any CPU.ActiveCfg = Release|Any CPU
		{6980C93B-D450-D2B4-7157-F19BBE323F6F}.Release|Any CPU.Build.0 = Release|Any CPU
	EndGlobalSection
	GlobalSection(SolutionProperties) = preSolution
		HideSolutionNode = FALSE
	EndGlobalSection
	GlobalSection(ExtensibilityGlobals) = postSolution
		SolutionGuid = {B5D8ED88-E04D-4FC2-8E36-F9ACB2A45909}
	EndGlobalSection
EndGlobal
